
Microsoft Visual Studio Solution File, Format Version 12.00
# Visual Studio Version 16
VisualStudioVersion = 16.0.31624.102
MinimumVisualStudioVersion = 10.0.40219.1
Project("{8BC9CEB8-8B4A-11D0-8D11-00A0C91BC942}") = "Chapter02", "Chapter02\Chapter02.vcxproj", "{9F0E3E28-1A54-472C-913A-A80756AB0837}"
EndProject
Global
	GlobalSection(SolutionConfigurationPlatforms) = preSolution
		Debug|x64 = Debug|x64
		Debug|x86 = Debug|x86
		Release|x64 = Release|x64
		Release|x86 = Release|x86
	EndGlobalSection
	GlobalSection(ProjectConfigurationPlatforms) = postSolution
		{9F0E3E28-1A54-472C-913A-A80756AB0837}.Debug|x64.ActiveCfg = Debug|x64
		{9F0E3E28-1A54-472C-913A-A80756AB0837}.Debug|x64.Build.0 = Debug|x64
		{9F0E3E28-1A54-472C-913A-A80756AB0837}.Debug|x86.ActiveCfg = Debug|Win32
		{9F0E3E28-1A54-472C-913A-A80756AB0837}.Debug|x86.Build.0 = Debug|Win32
		{9F0E3E28-1A54-472C-913A-A80756AB0837}.Release|x64.ActiveCfg = Release|x64
		{9F0E3E28-1A54-472C-913A-A80756AB0837}.Release|x64.Build.0 = Release|x64
		{9F0E3E28-1A54-472C-913A-A80756AB0837}.Release|x86.ActiveCfg = Release|Win32
		{9F0E3E28-1A54-472C-913A-A80756AB0837}.Release|x86.Build.0 = Release|Win32
	EndGlobalSection
	GlobalSection(SolutionProperties) = preSolution
		HideSolutionNode = FALSE
	EndGlobalSection
	GlobalSection(ExtensibilityGlobals) = postSolution
		SolutionGuid = {DD088549-B7F8-43DC-8403-3B78DF31F379}
	EndGlobalSection
EndGlobal
