
Microsoft Visual Studio Solution File, Format Version 12.00
# Visual Studio Version 17
VisualStudioVersion = 17.8.34316.72
MinimumVisualStudioVersion = 10.0.40219.1
Project("{8BC9CEB8-8B4A-11D0-8D11-00A0C91BC942}") = "ProgrammingExercise02", "ProgrammingExercise02\ProgrammingExercise02.vcxproj", "{D56273CF-098F-4F0E-86AC-D953B2AD1AFC}"
EndProject
Global
	GlobalSection(SolutionConfigurationPlatforms) = preSolution
		Debug|x64 = Debug|x64
		Debug|x86 = Debug|x86
		Release|x64 = Release|x64
		Release|x86 = Release|x86
	EndGlobalSection
	GlobalSection(ProjectConfigurationPlatforms) = postSolution
		{D56273CF-098F-4F0E-86AC-D953B2AD1AFC}.Debug|x64.ActiveCfg = Debug|x64
		{D56273CF-098F-4F0E-86AC-D953B2AD1AFC}.Debug|x64.Build.0 = Debug|x64
		{D56273CF-098F-4F0E-86AC-D953B2AD1AFC}.Debug|x86.ActiveCfg = Debug|Win32
		{D56273CF-098F-4F0E-86AC-D953B2AD1AFC}.Debug|x86.Build.0 = Debug|Win32
		{D56273CF-098F-4F0E-86AC-D953B2AD1AFC}.Release|x64.ActiveCfg = Release|x64
		{D56273CF-098F-4F0E-86AC-D953B2AD1AFC}.Release|x64.Build.0 = Release|x64
		{D56273CF-098F-4F0E-86AC-D953B2AD1AFC}.Release|x86.ActiveCfg = Release|Win32
		{D56273CF-098F-4F0E-86AC-D953B2AD1AFC}.Release|x86.Build.0 = Release|Win32
	EndGlobalSection
	GlobalSection(SolutionProperties) = preSolution
		HideSolutionNode = FALSE
	EndGlobalSection
	GlobalSection(ExtensibilityGlobals) = postSolution
		SolutionGuid = {B29193CA-BFDC-4169-8848-AFAEBAC3B054}
	EndGlobalSection
EndGlobal
