
Microsoft Visual Studio Solution File, Format Version 12.00
# Visual Studio Version 16
VisualStudioVersion = 16.0.31624.102
MinimumVisualStudioVersion = 10.0.40219.1
Project("{8BC9CEB8-8B4A-11D0-8D11-00A0C91BC942}") = "Chapter03", "Chapter03\Chapter03.vcxproj", "{4C55F74E-7415-4863-B57F-24460C945EF7}"
EndProject
Global
	GlobalSection(SolutionConfigurationPlatforms) = preSolution
		Debug|x64 = Debug|x64
		Debug|x86 = Debug|x86
		Release|x64 = Release|x64
		Release|x86 = Release|x86
	EndGlobalSection
	GlobalSection(ProjectConfigurationPlatforms) = postSolution
		{4C55F74E-7415-4863-B57F-24460C945EF7}.Debug|x64.ActiveCfg = Debug|x64
		{4C55F74E-7415-4863-B57F-24460C945EF7}.Debug|x64.Build.0 = Debug|x64
		{4C55F74E-7415-4863-B57F-24460C945EF7}.Debug|x86.ActiveCfg = Debug|Win32
		{4C55F74E-7415-4863-B57F-24460C945EF7}.Debug|x86.Build.0 = Debug|Win32
		{4C55F74E-7415-4863-B57F-24460C945EF7}.Release|x64.ActiveCfg = Release|x64
		{4C55F74E-7415-4863-B57F-24460C945EF7}.Release|x64.Build.0 = Release|x64
		{4C55F74E-7415-4863-B57F-24460C945EF7}.Release|x86.ActiveCfg = Release|Win32
		{4C55F74E-7415-4863-B57F-24460C945EF7}.Release|x86.Build.0 = Release|Win32
	EndGlobalSection
	GlobalSection(SolutionProperties) = preSolution
		HideSolutionNode = FALSE
	EndGlobalSection
	GlobalSection(ExtensibilityGlobals) = postSolution
		SolutionGuid = {87C8EC4E-9B83-409F-8985-68C4D96523F6}
	EndGlobalSection
EndGlobal
